// !$*UTF8*$!
{
	archiveVersion = 1;
	classes = {
	};
	objectVersion = 50;
	objects = {

/* Begin PBXBuildFile section */
		6F01C7EB268B26DA00EA4E79 /* AppDelegate.swift in Sources */ = {isa = PBXBuildFile; fileRef = 6F01C7EA268B26DA00EA4E79 /* AppDelegate.swift */; };
		6F01C7ED268B26DA00EA4E79 /* SceneDelegate.swift in Sources */ = {isa = PBXBuildFile; fileRef = 6F01C7EC268B26DA00EA4E79 /* SceneDelegate.swift */; };
		6F01C7EF268B26DA00EA4E79 /* WeatherViewController.swift in Sources */ = {isa = PBXBuildFile; fileRef = 6F01C7EE268B26DA00EA4E79 /* WeatherViewController.swift */; };
		6F01C7F2268B26DA00EA4E79 /* Main.storyboard in Resources */ = {isa = PBXBuildFile; fileRef = 6F01C7F0268B26DA00EA4E79 /* Main.storyboard */; };
		6F01C7F4268B270900EA4E79 /* Assets.xcassets in Resources */ = {isa = PBXBuildFile; fileRef = 6F01C7F3268B270900EA4E79 /* Assets.xcassets */; };
		6F01C7F7268B270900EA4E79 /* LaunchScreen.storyboard in Resources */ = {isa = PBXBuildFile; fileRef = 6F01C7F5268B270900EA4E79 /* LaunchScreen.storyboard */; };
		6F01C808268B5C9100EA4E79 /* WeatherManager.swift in Sources */ = {isa = PBXBuildFile; fileRef = 6F01C807268B5C9100EA4E79 /* WeatherManager.swift */; };
		6F01C80A268B6F9300EA4E79 /* WeatherData.swift in Sources */ = {isa = PBXBuildFile; fileRef = 6F01C809268B6F9300EA4E79 /* WeatherData.swift */; };
		6F01C80C268B7C3E00EA4E79 /* WeatherModel.swift in Sources */ = {isa = PBXBuildFile; fileRef = 6F01C80B268B7C3D00EA4E79 /* WeatherModel.swift */; };
/* End PBXBuildFile section */

/* Begin PBXFileReference section */
		6F01C7E7268B26DA00EA4E79 /* Clima.app */ = {isa = PBXFileReference; explicitFileType = wrapper.application; includeInIndex = 0; path = Clima.app; sourceTree = BUILT_PRODUCTS_DIR; };
		6F01C7EA268B26DA00EA4E79 /* AppDelegate.swift */ = {isa = PBXFileReference; lastKnownFileType = sourcecode.swift; path = AppDelegate.swift; sourceTree = "<group>"; };
		6F01C7EC268B26DA00EA4E79 /* SceneDelegate.swift */ = {isa = PBXFileReference; lastKnownFileType = sourcecode.swift; path = SceneDelegate.swift; sourceTree = "<group>"; };
		6F01C7EE268B26DA00EA4E79 /* WeatherViewController.swift */ = {isa = PBXFileReference; lastKnownFileType = sourcecode.swift; path = WeatherViewController.swift; sourceTree = "<group>"; };
		6F01C7F1268B26DA00EA4E79 /* Base */ = {isa = PBXFileReference; lastKnownFileType = file.storyboard; name = Base; path = Base.lproj/Main.storyboard; sourceTree = "<group>"; };
		6F01C7F3268B270900EA4E79 /* Assets.xcassets */ = {isa = PBXFileReference; lastKnownFileType = folder.assetcatalog; path = Assets.xcassets; sourceTree = "<group>"; };
		6F01C7F6268B270900EA4E79 /* Base */ = {isa = PBXFileReference; lastKnownFileType = file.storyboard; name = Base; path = Base.lproj/LaunchScreen.storyboard; sourceTree = "<group>"; };
		6F01C7F8268B270900EA4E79 /* Info.plist */ = {isa = PBXFileReference; lastKnownFileType = text.plist.xml; path = Info.plist; sourceTree = "<group>"; };
		6F01C807268B5C9100EA4E79 /* WeatherManager.swift */ = {isa = PBXFileReference; lastKnownFileType = sourcecode.swift; path = WeatherManager.swift; sourceTree = "<group>"; };
		6F01C809268B6F9300EA4E79 /* WeatherData.swift */ = {isa = PBXFileReference; lastKnownFileType = sourcecode.swift; path = WeatherData.swift; sourceTree = "<group>"; };
		6F01C80B268B7C3D00EA4E79 /* WeatherModel.swift */ = {isa = PBXFileReference; lastKnownFileType = sourcecode.swift; path = WeatherModel.swift; sourceTree = "<group>"; };
/* End PBXFileReference section */

/* Begin PBXFrameworksBuildPhase section */
		6F01C7E4268B26DA00EA4E79 /* Frameworks */ = {
			isa = PBXFrameworksBuildPhase;
			buildActionMask = 2147483647;
			files = (
			);
			runOnlyForDeploymentPostprocessing = 0;
		};
/* End PBXFrameworksBuildPhase section */

/* Begin PBXGroup section */
		6F01C7DE268B26D900EA4E79 = {
			isa = PBXGroup;
			children = (
				6F01C7E9268B26DA00EA4E79 /* Clima */,
				6F01C7E8268B26DA00EA4E79 /* Products */,
			);
			sourceTree = "<group>";
		};
		6F01C7E8268B26DA00EA4E79 /* Products */ = {
			isa = PBXGroup;
			children = (
				6F01C7E7268B26DA00EA4E79 /* Clima.app */,
			);
			name = Products;
			sourceTree = "<group>";
		};
		6F01C7E9268B26DA00EA4E79 /* Clima */ = {
			isa = PBXGroup;
			children = (
				6F01C7EA268B26DA00EA4E79 /* AppDelegate.swift */,
				6F01C7EC268B26DA00EA4E79 /* SceneDelegate.swift */,
				6F01C806268B487600EA4E79 /* Models */,
				6F01C802268B479100EA4E79 /* Views */,
				6F01C803268B47D900EA4E79 /* Controllers */,
				6F01C7F3268B270900EA4E79 /* Assets.xcassets */,
				6F01C7F5268B270900EA4E79 /* LaunchScreen.storyboard */,
				6F01C7F8268B270900EA4E79 /* Info.plist */,
			);
			path = Clima;
			sourceTree = "<group>";
		};
		6F01C802268B479100EA4E79 /* Views */ = {
			isa = PBXGroup;
			children = (
				6F01C7F0268B26DA00EA4E79 /* Main.storyboard */,
			);
			path = Views;
			sourceTree = "<group>";
		};
		6F01C803268B47D900EA4E79 /* Controllers */ = {
			isa = PBXGroup;
			children = (
				6F01C7EE268B26DA00EA4E79 /* WeatherViewController.swift */,
			);
			path = Controllers;
			sourceTree = "<group>";
		};
		6F01C806268B487600EA4E79 /* Models */ = {
			isa = PBXGroup;
			children = (
				6F01C807268B5C9100EA4E79 /* WeatherManager.swift */,
				6F01C809268B6F9300EA4E79 /* WeatherData.swift */,
				6F01C80B268B7C3D00EA4E79 /* WeatherModel.swift */,
			);
			path = Models;
			sourceTree = "<group>";
		};
/* End PBXGroup section */

/* Begin PBXNativeTarget section */
		6F01C7E6268B26DA00EA4E79 /* Clima */ = {
			isa = PBXNativeTarget;
			buildConfigurationList = 6F01C7FB268B270900EA4E79 /* Build configuration list for PBXNativeTarget "Clima" */;
			buildPhases = (
				6F01C7E3268B26DA00EA4E79 /* Sources */,
				6F01C7E4268B26DA00EA4E79 /* Frameworks */,
				6F01C7E5268B26DA00EA4E79 /* Resources */,
			);
			buildRules = (
			);
			dependencies = (
			);
			name = Clima;
			productName = Clima;
			productReference = 6F01C7E7268B26DA00EA4E79 /* Clima.app */;
			productType = "com.apple.product-type.application";
		};
/* End PBXNativeTarget section */

/* Begin PBXProject section */
		6F01C7DF268B26D900EA4E79 /* Project object */ = {
			isa = PBXProject;
			attributes = {
				LastSwiftUpdateCheck = 1250;
				LastUpgradeCheck = 1250;
				TargetAttributes = {
					6F01C7E6268B26DA00EA4E79 = {
						CreatedOnToolsVersion = 12.5.1;
					};
				};
			};
			buildConfigurationList = 6F01C7E2268B26DA00EA4E79 /* Build configuration list for PBXProject "Clima" */;
			compatibilityVersion = "Xcode 9.3";
			developmentRegion = en;
			hasScannedForEncodings = 0;
			knownRegions = (
				en,
				Base,
			);
			mainGroup = 6F01C7DE268B26D900EA4E79;
			productRefGroup = 6F01C7E8268B26DA00EA4E79 /* Products */;
			projectDirPath = "";
			projectRoot = "";
			targets = (
				6F01C7E6268B26DA00EA4E79 /* Clima */,
			);
		};
/* End PBXProject section */

/* Begin PBXResourcesBuildPhase section */
		6F01C7E5268B26DA00EA4E79 /* Resources */ = {
			isa = PBXResourcesBuildPhase;
			buildActionMask = 2147483647;
			files = (
				6F01C7F7268B270900EA4E79 /* LaunchScreen.storyboard in Resources */,
				6F01C7F4268B270900EA4E79 /* Assets.xcassets in Resources */,
				6F01C7F2268B26DA00EA4E79 /* Main.storyboard in Resources */,
			);
			runOnlyForDeploymentPostprocessing = 0;
		};
/* End PBXResourcesBuildPhase section */

/* Begin PBXSourcesBuildPhase section */
		6F01C7E3268B26DA00EA4E79 /* Sources */ = {
			isa = PBXSourcesBuildPhase;
			buildActionMask = 2147483647;
			files = (
				6F01C7EF268B26DA00EA4E79 /* WeatherViewController.swift in Sources */,
				6F01C80A268B6F9300EA4E79 /* WeatherData.swift in Sources */,
				6F01C7EB268B26DA00EA4E79 /* AppDelegate.swift in Sources */,
				6F01C808268B5C9100EA4E79 /* WeatherManager.swift in Sources */,
				6F01C80C268B7C3E00EA4E79 /* WeatherModel.swift in Sources */,
				6F01C7ED268B26DA00EA4E79 /* SceneDelegate.swift in Sources */,
			);
			runOnlyForDeploymentPostprocessing = 0;
		};
/* End PBXSourcesBuildPhase section */

/* Begin PBXVariantGroup section */
		6F01C7F0268B26DA00EA4E79 /* Main.storyboard */ = {
			isa = PBXVariantGroup;
			children = (
				6F01C7F1268B26DA00EA4E79 /* Base */,
			);
			name = Main.storyboard;
			sourceTree = "<group>";
		};
		6F01C7F5268B270900EA4E79 /* LaunchScreen.storyboard */ = {
			isa = PBXVariantGroup;
			children = (
				6F01C7F6268B270900EA4E79 /* Base */,
			);
			name = LaunchScreen.storyboard;
			sourceTree = "<group>";
		};
/* End PBXVariantGroup section */

/* Begin XCBuildConfiguration section */
		6F01C7F9268B270900EA4E79 /* Debug */ = {
			isa = XCBuildConfiguration;
			buildSettings = {
				ALWAYS_SEARCH_USER_PATHS = NO;
				CLANG_ANALYZER_NONNULL = YES;
				CLANG_ANALYZER_NUMBER_OBJECT_CONVERSION = YES_AGGRESSIVE;
				CLANG_CXX_LANGUAGE_STANDARD = "gnu++14";
				CLANG_CXX_LIBRARY = "libc++";
				CLANG_ENABLE_MODULES = YES;
				CLANG_ENABLE_OBJC_ARC = YES;
				CLANG_ENABLE_OBJC_WEAK = YES;
				CLANG_WARN_BLOCK_CAPTURE_AUTORELEASING = YES;
				CLANG_WARN_BOOL_CONVERSION = YES;
				CLANG_WARN_COMMA = YES;
				CLANG_WARN_CONSTANT_CONVERSION = YES;
				CLANG_WARN_DEPRECATED_OBJC_IMPLEMENTATIONS = YES;
				CLANG_WARN_DIRECT_OBJC_ISA_USAGE = YES_ERROR;
				CLANG_WARN_DOCUMENTATION_COMMENTS = YES;
				CLANG_WARN_EMPTY_BODY = YES;
				CLANG_WARN_ENUM_CONVERSION = YES;
				CLANG_WARN_INFINITE_RECURSION = YES;
				CLANG_WARN_INT_CONVERSION = YES;
				CLANG_WARN_NON_LITERAL_NULL_CONVERSION = YES;
				CLANG_WARN_OBJC_IMPLICIT_RETAIN_SELF = YES;
				CLANG_WARN_OBJC_LITERAL_CONVERSION = YES;
				CLANG_WARN_OBJC_ROOT_CLASS = YES_ERROR;
				CLANG_WARN_QUOTED_INCLUDE_IN_FRAMEWORK_HEADER = YES;
				CLANG_WARN_RANGE_LOOP_ANALYSIS = YES;
				CLANG_WARN_STRICT_PROTOTYPES = YES;
				CLANG_WARN_SUSPICIOUS_MOVE = YES;
				CLANG_WARN_UNGUARDED_AVAILABILITY = YES_AGGRESSIVE;
				CLANG_WARN_UNREACHABLE_CODE = YES;
				CLANG_WARN__DUPLICATE_METHOD_MATCH = YES;
				COPY_PHASE_STRIP = NO;
				DEBUG_INFORMATION_FORMAT = dwarf;
				ENABLE_STRICT_OBJC_MSGSEND = YES;
				ENABLE_TESTABILITY = YES;
				GCC_C_LANGUAGE_STANDARD = gnu11;
				GCC_DYNAMIC_NO_PIC = NO;
				GCC_NO_COMMON_BLOCKS = YES;
				GCC_OPTIMIZATION_LEVEL = 0;
				GCC_PREPROCESSOR_DEFINITIONS = (
					"DEBUG=1",
					"$(inherited)",
				);
				GCC_WARN_64_TO_32_BIT_CONVERSION = YES;
				GCC_WARN_ABOUT_RETURN_TYPE = YES_ERROR;
				GCC_WARN_UNDECLARED_SELECTOR = YES;
				GCC_WARN_UNINITIALIZED_AUTOS = YES_AGGRESSIVE;
				GCC_WARN_UNUSED_FUNCTION = YES;
				GCC_WARN_UNUSED_VARIABLE = YES;
				IPHONEOS_DEPLOYMENT_TARGET = 14.5;
				MTL_ENABLE_DEBUG_INFO = INCLUDE_SOURCE;
				MTL_FAST_MATH = YES;
				ONLY_ACTIVE_ARCH = YES;
				SDKROOT = iphoneos;
				SWIFT_ACTIVE_COMPILATION_CONDITIONS = DEBUG;
				SWIFT_OPTIMIZATION_LEVEL = "-Onone";
			};
			name = Debug;
		};
		6F01C7FA268B270900EA4E79 /* Release */ = {
			isa = XCBuildConfiguration;
			buildSettings = {
				ALWAYS_SEARCH_USER_PATHS = NO;
				CLANG_ANALYZER_NONNULL = YES;
				CLANG_ANALYZER_NUMBER_OBJECT_CONVERSION = YES_AGGRESSIVE;
				CLANG_CXX_LANGUAGE_STANDARD = "gnu++14";
				CLANG_CXX_LIBRARY = "libc++";
				CLANG_ENABLE_MODULES = YES;
				CLANG_ENABLE_OBJC_ARC = YES;
				CLANG_ENABLE_OBJC_WEAK = YES;
				CLANG_WARN_BLOCK_CAPTURE_AUTORELEASING = YES;
				CLANG_WARN_BOOL_CONVERSION = YES;
				CLANG_WARN_COMMA = YES;
				CLANG_WARN_CONSTANT_CONVERSION = YES;
				CLANG_WARN_DEPRECATED_OBJC_IMPLEMENTATIONS = YES;
				CLANG_WARN_DIRECT_OBJC_ISA_USAGE = YES_ERROR;
				CLANG_WARN_DOCUMENTATION_COMMENTS = YES;
				CLANG_WARN_EMPTY_BODY = YES;
				CLANG_WARN_ENUM_CONVERSION = YES;
				CLANG_WARN_INFINITE_RECURSION = YES;
				CLANG_WARN_INT_CONVERSION = YES;
				CLANG_WARN_NON_LITERAL_NULL_CONVERSION = YES;
				CLANG_WARN_OBJC_IMPLICIT_RETAIN_SELF = YES;
				CLANG_WARN_OBJC_LITERAL_CONVERSION = YES;
				CLANG_WARN_OBJC_ROOT_CLASS = YES_ERROR;
				CLANG_WARN_QUOTED_INCLUDE_IN_FRAMEWORK_HEADER = YES;
				CLANG_WARN_RANGE_LOOP_ANALYSIS = YES;
				CLANG_WARN_STRICT_PROTOTYPES = YES;
				CLANG_WARN_SUSPICIOUS_MOVE = YES;
				CLANG_WARN_UNGUARDED_AVAILABILITY = YES_AGGRESSIVE;
				CLANG_WARN_UNREACHABLE_CODE = YES;
				CLANG_WARN__DUPLICATE_METHOD_MATCH = YES;
				COPY_PHASE_STRIP = NO;
				DEBUG_INFORMATION_FORMAT = "dwarf-with-dsym";
				ENABLE_NS_ASSERTIONS = NO;
				ENABLE_STRICT_OBJC_MSGSEND = YES;
				GCC_C_LANGUAGE_STANDARD = gnu11;
				GCC_NO_COMMON_BLOCKS = YES;
				GCC_WARN_64_TO_32_BIT_CONVERSION = YES;
				GCC_WARN_ABOUT_RETURN_TYPE = YES_ERROR;
				GCC_WARN_UNDECLARED_SELECTOR = YES;
				GCC_WARN_UNINITIALIZED_AUTOS = YES_AGGRESSIVE;
				GCC_WARN_UNUSED_FUNCTION = YES;
				GCC_WARN_UNUSED_VARIABLE = YES;
				IPHONEOS_DEPLOYMENT_TARGET = 14.5;
				MTL_ENABLE_DEBUG_INFO = NO;
				MTL_FAST_MATH = YES;
				SDKROOT = iphoneos;
				SWIFT_COMPILATION_MODE = wholemodule;
				SWIFT_OPTIMIZATION_LEVEL = "-O";
				VALIDATE_PRODUCT = YES;
			};
			name = Release;
		};
		6F01C7FC268B270900EA4E79 /* Debug */ = {
			isa = XCBuildConfiguration;
			buildSettings = {
				ASSETCATALOG_COMPILER_APPICON_NAME = AppIcon;
				ASSETCATALOG_COMPILER_GLOBAL_ACCENT_COLOR_NAME = AccentColor;
				CODE_SIGN_STYLE = Automatic;
				DEVELOPMENT_TEAM = 5J8KA3S6BQ;
				INFOPLIST_FILE = Clima/Info.plist;
				LD_RUNPATH_SEARCH_PATHS = (
					"$(inherited)",
					"@executable_path/Frameworks",
				);
				PRODUCT_BUNDLE_IDENTIFIER = com.btwittstushar.Clima;
				PRODUCT_NAME = "$(TARGET_NAME)";
				SWIFT_VERSION = 5.0;
				TARGETED_DEVICE_FAMILY = "1,2";
			};
			name = Debug;
		};
		6F01C7FD268B270900EA4E79 /* Release */ = {
			isa = XCBuildConfiguration;
			buildSettings = {
				ASSETCATALOG_COMPILER_APPICON_NAME = AppIcon;
				ASSETCATALOG_COMPILER_GLOBAL_ACCENT_COLOR_NAME = AccentColor;
				CODE_SIGN_STYLE = Automatic;
				DEVELOPMENT_TEAM = 5J8KA3S6BQ;
				INFOPLIST_FILE = Clima/Info.plist;
				LD_RUNPATH_SEARCH_PATHS = (
					"$(inherited)",
					"@executable_path/Frameworks",
				);
				PRODUCT_BUNDLE_IDENTIFIER = com.btwittstushar.Clima;
				PRODUCT_NAME = "$(TARGET_NAME)";
				SWIFT_VERSION = 5.0;
				TARGETED_DEVICE_FAMILY = "1,2";
			};
			name = Release;
		};
/* End XCBuildConfiguration section */

/* Begin XCConfigurationList section */
		6F01C7E2268B26DA00EA4E79 /* Build configuration list for PBXProject "Clima" */ = {
			isa = XCConfigurationList;
			buildConfigurations = (
				6F01C7F9268B270900EA4E79 /* Debug */,
				6F01C7FA268B270900EA4E79 /* Release */,
			);
			defaultConfigurationIsVisible = 0;
			defaultConfigurationName = Release;
		};
		6F01C7FB268B270900EA4E79 /* Build configuration list for PBXNativeTarget "Clima" */ = {
			isa = XCConfigurationList;
			buildConfigurations = (
				6F01C7FC268B270900EA4E79 /* Debug */,
				6F01C7FD268B270900EA4E79 /* Release */,
			);
			defaultConfigurationIsVisible = 0;
			defaultConfigurationName = Release;
		};
/* End XCConfigurationList section */
	};
	rootObject = 6F01C7DF268B26D900EA4E79 /* Project object */;
}
